
Microsoft Visual Studio Solution File, Format Version 12.00
# Visual Studio Version 16
VisualStudioVersion = 16.0.29306.81
MinimumVisualStudioVersion = 10.0.40219.1
Project("{9A19103F-16F7-4668-BE54-9A1E7A4F7556}") = "PromptUsersForInput", "PromptUsersForInput.csproj", "{E89AB52F-0691-48B9-9E55-6CF3472FC184}"
EndProject
Global
	GlobalSection(SolutionConfigurationPlatforms) = preSolution
		Debug|Any CPU = Debug|Any CPU
		Release|Any CPU = Release|Any CPU
	EndGlobalSection
	GlobalSection(ProjectConfigurationPlatforms) = postSolution
		{E89AB52F-0691-48B9-9E55-6CF3472FC184}.Debug|Any CPU.ActiveCfg = Debug|Any CPU
		{E89AB52F-0691-48B9-9E55-6CF3472FC184}.Debug|Any CPU.Build.0 = Debug|Any CPU
		{E89AB52F-0691-48B9-9E55-6CF3472FC184}.Release|Any CPU.ActiveCfg = Release|Any CPU
		{E89AB52F-0691-48B9-9E55-6CF3472FC184}.Release|Any CPU.Build.0 = Release|Any CPU
	EndGlobalSection
	GlobalSection(SolutionProperties) = preSolution
		HideSolutionNode = FALSE
	EndGlobalSection
	GlobalSection(ExtensibilityGlobals) = postSolution
		SolutionGuid = {6AF55A7B-5B50-4698-A3CA-FA33B00FEC4D}
	EndGlobalSection
EndGlobal
